
Microsoft Visual Studio Solution File, Format Version 12.00
# Visual Studio Version 16
VisualStudioVersion = 16.0.29411.108
MinimumVisualStudioVersion = 10.0.40219.1
Project("{FAE04EC0-301F-11D3-BF4B-00C04F79EFBC}") = "DevFactoryZ.SchemeExpert", "DevFactoryZ.SchemeExpert\DevFactoryZ.SchemeExpert.csproj", "{F8A04483-815D-4C98-AA2A-C17B619A09B6}"
EndProject
Global
	GlobalSection(SolutionConfigurationPlatforms) = preSolution
		Debug|Any CPU = Debug|Any CPU
		Release|Any CPU = Release|Any CPU
	EndGlobalSection
	GlobalSection(ProjectConfigurationPlatforms) = postSolution
		{F8A04483-815D-4C98-AA2A-C17B619A09B6}.Debug|Any CPU.ActiveCfg = Debug|Any CPU
		{F8A04483-815D-4C98-AA2A-C17B619A09B6}.Debug|Any CPU.Build.0 = Debug|Any CPU
		{F8A04483-815D-4C98-AA2A-C17B619A09B6}.Release|Any CPU.ActiveCfg = Release|Any CPU
		{F8A04483-815D-4C98-AA2A-C17B619A09B6}.Release|Any CPU.Build.0 = Release|Any CPU
	EndGlobalSection
	GlobalSection(SolutionProperties) = preSolution
		HideSolutionNode = FALSE
	EndGlobalSection
	GlobalSection(ExtensibilityGlobals) = postSolution
		SolutionGuid = {8B496AE5-4F02-46C7-9715-AB0CB5BAA739}
	EndGlobalSection
EndGlobal
